// !$*UTF8*$!
{
	archiveVersion = 1;
	classes = {
	};
	objectVersion = 46;
	objects = {

/* Begin PBXBuildFile section */
		9A235A6519B4484600B5E74B /* Foundation.framework in Frameworks */ = {isa = PBXBuildFile; fileRef = 9A235A6419B4484600B5E74B /* Foundation.framework */; };
		9A235A6719B4484600B5E74B /* CoreGraphics.framework in Frameworks */ = {isa = PBXBuildFile; fileRef = 9A235A6619B4484600B5E74B /* CoreGraphics.framework */; };
		9A235A6919B4484600B5E74B /* UIKit.framework in Frameworks */ = {isa = PBXBuildFile; fileRef = 9A235A6819B4484600B5E74B /* UIKit.framework */; };
		9A235A6F19B4484600B5E74B /* InfoPlist.strings in Resources */ = {isa = PBXBuildFile; fileRef = 9A235A6D19B4484600B5E74B /* InfoPlist.strings */; };
		9A235A7119B4484600B5E74B /* main.m in Sources */ = {isa = PBXBuildFile; fileRef = 9A235A7019B4484600B5E74B /* main.m */; };
		9A235A7519B4484600B5E74B /* CSAppDelegate.m in Sources */ = {isa = PBXBuildFile; fileRef = 9A235A7419B4484600B5E74B /* CSAppDelegate.m */; };
		9A235A7D19B4484600B5E74B /* Images.xcassets in Resources */ = {isa = PBXBuildFile; fileRef = 9A235A7C19B4484600B5E74B /* Images.xcassets */; };
		9A235A8419B4484600B5E74B /* XCTest.framework in Frameworks */ = {isa = PBXBuildFile; fileRef = 9A235A8319B4484600B5E74B /* XCTest.framework */; };
		9A235A8519B4484600B5E74B /* Foundation.framework in Frameworks */ = {isa = PBXBuildFile; fileRef = 9A235A6419B4484600B5E74B /* Foundation.framework */; };
		9A235A8619B4484600B5E74B /* UIKit.framework in Frameworks */ = {isa = PBXBuildFile; fileRef = 9A235A6819B4484600B5E74B /* UIKit.framework */; };
		9A235A8E19B4484600B5E74B /* InfoPlist.strings in Resources */ = {isa = PBXBuildFile; fileRef = 9A235A8C19B4484600B5E74B /* InfoPlist.strings */; };
		9A235A9019B4484600B5E74B /* CandySearchTests.m in Sources */ = {isa = PBXBuildFile; fileRef = 9A235A8F19B4484600B5E74B /* CandySearchTests.m */; };
		9AF9F99219B44CDE00C2EA43 /* Main.storyboard in Resources */ = {isa = PBXBuildFile; fileRef = 9AF9F99119B44CDE00C2EA43 /* Main.storyboard */; };
		9AF9F99519B44F8300C2EA43 /* CSCandy.m in Sources */ = {isa = PBXBuildFile; fileRef = 9AF9F99419B44F8300C2EA43 /* CSCandy.m */; };
		9AF9F99819B4512600C2EA43 /* CandyTableViewController.m in Sources */ = {isa = PBXBuildFile; fileRef = 9AF9F99719B4512600C2EA43 /* CandyTableViewController.m */; };
		9AF9F99B19B4672400C2EA43 /* CSSearchBarTableViewController.m in Sources */ = {isa = PBXBuildFile; fileRef = 9AF9F99A19B4672400C2EA43 /* CSSearchBarTableViewController.m */; };
/* End PBXBuildFile section */

/* Begin PBXContainerItemProxy section */
		9A235A8719B4484600B5E74B /* PBXContainerItemProxy */ = {
			isa = PBXContainerItemProxy;
			containerPortal = 9A235A5919B4484600B5E74B /* Project object */;
			proxyType = 1;
			remoteGlobalIDString = 9A235A6019B4484600B5E74B;
			remoteInfo = CandySearch;
		};
/* End PBXContainerItemProxy section */

/* Begin PBXFileReference section */
		9A235A6119B4484600B5E74B /* CandySearch.app */ = {isa = PBXFileReference; explicitFileType = wrapper.application; includeInIndex = 0; path = CandySearch.app; sourceTree = BUILT_PRODUCTS_DIR; };
		9A235A6419B4484600B5E74B /* Foundation.framework */ = {isa = PBXFileReference; lastKnownFileType = wrapper.framework; name = Foundation.framework; path = System/Library/Frameworks/Foundation.framework; sourceTree = SDKROOT; };
		9A235A6619B4484600B5E74B /* CoreGraphics.framework */ = {isa = PBXFileReference; lastKnownFileType = wrapper.framework; name = CoreGraphics.framework; path = System/Library/Frameworks/CoreGraphics.framework; sourceTree = SDKROOT; };
		9A235A6819B4484600B5E74B /* UIKit.framework */ = {isa = PBXFileReference; lastKnownFileType = wrapper.framework; name = UIKit.framework; path = System/Library/Frameworks/UIKit.framework; sourceTree = SDKROOT; };
		9A235A6C19B4484600B5E74B /* CandySearch-Info.plist */ = {isa = PBXFileReference; lastKnownFileType = text.plist.xml; path = "CandySearch-Info.plist"; sourceTree = "<group>"; };
		9A235A6E19B4484600B5E74B /* en */ = {isa = PBXFileReference; lastKnownFileType = text.plist.strings; name = en; path = en.lproj/InfoPlist.strings; sourceTree = "<group>"; };
		9A235A7019B4484600B5E74B /* main.m */ = {isa = PBXFileReference; lastKnownFileType = sourcecode.c.objc; path = main.m; sourceTree = "<group>"; };
		9A235A7219B4484600B5E74B /* CandySearch-Prefix.pch */ = {isa = PBXFileReference; lastKnownFileType = sourcecode.c.h; path = "CandySearch-Prefix.pch"; sourceTree = "<group>"; };
		9A235A7319B4484600B5E74B /* CSAppDelegate.h */ = {isa = PBXFileReference; lastKnownFileType = sourcecode.c.h; path = CSAppDelegate.h; sourceTree = "<group>"; };
		9A235A7419B4484600B5E74B /* CSAppDelegate.m */ = {isa = PBXFileReference; lastKnownFileType = sourcecode.c.objc; path = CSAppDelegate.m; sourceTree = "<group>"; };
		9A235A7C19B4484600B5E74B /* Images.xcassets */ = {isa = PBXFileReference; lastKnownFileType = folder.assetcatalog; path = Images.xcassets; sourceTree = "<group>"; };
		9A235A8219B4484600B5E74B /* CandySearchTests.xctest */ = {isa = PBXFileReference; explicitFileType = wrapper.cfbundle; includeInIndex = 0; path = CandySearchTests.xctest; sourceTree = BUILT_PRODUCTS_DIR; };
		9A235A8319B4484600B5E74B /* XCTest.framework */ = {isa = PBXFileReference; lastKnownFileType = wrapper.framework; name = XCTest.framework; path = Library/Frameworks/XCTest.framework; sourceTree = DEVELOPER_DIR; };
		9A235A8B19B4484600B5E74B /* CandySearchTests-Info.plist */ = {isa = PBXFileReference; lastKnownFileType = text.plist.xml; path = "CandySearchTests-Info.plist"; sourceTree = "<group>"; };
		9A235A8D19B4484600B5E74B /* en */ = {isa = PBXFileReference; lastKnownFileType = text.plist.strings; name = en; path = en.lproj/InfoPlist.strings; sourceTree = "<group>"; };
		9A235A8F19B4484600B5E74B /* CandySearchTests.m */ = {isa = PBXFileReference; lastKnownFileType = sourcecode.c.objc; path = CandySearchTests.m; sourceTree = "<group>"; };
		9AF9F99119B44CDE00C2EA43 /* Main.storyboard */ = {isa = PBXFileReference; fileEncoding = 4; lastKnownFileType = file.storyboard; path = Main.storyboard; sourceTree = "<group>"; };
		9AF9F99319B44F8300C2EA43 /* CSCandy.h */ = {isa = PBXFileReference; fileEncoding = 4; lastKnownFileType = sourcecode.c.h; path = CSCandy.h; sourceTree = "<group>"; };
		9AF9F99419B44F8300C2EA43 /* CSCandy.m */ = {isa = PBXFileReference; fileEncoding = 4; lastKnownFileType = sourcecode.c.objc; path = CSCandy.m; sourceTree = "<group>"; };
		9AF9F99619B4512600C2EA43 /* CandyTableViewController.h */ = {isa = PBXFileReference; fileEncoding = 4; lastKnownFileType = sourcecode.c.h; path = CandyTableViewController.h; sourceTree = "<group>"; };
		9AF9F99719B4512600C2EA43 /* CandyTableViewController.m */ = {isa = PBXFileReference; fileEncoding = 4; lastKnownFileType = sourcecode.c.objc; path = CandyTableViewController.m; sourceTree = "<group>"; };
		9AF9F99919B4672400C2EA43 /* CSSearchBarTableViewController.h */ = {isa = PBXFileReference; fileEncoding = 4; lastKnownFileType = sourcecode.c.h; path = CSSearchBarTableViewController.h; sourceTree = "<group>"; };
		9AF9F99A19B4672400C2EA43 /* CSSearchBarTableViewController.m */ = {isa = PBXFileReference; fileEncoding = 4; lastKnownFileType = sourcecode.c.objc; path = CSSearchBarTableViewController.m; sourceTree = "<group>"; };
/* End PBXFileReference section */

/* Begin PBXFrameworksBuildPhase section */
		9A235A5E19B4484600B5E74B /* Frameworks */ = {
			isa = PBXFrameworksBuildPhase;
			buildActionMask = 2147483647;
			files = (
				9A235A6719B4484600B5E74B /* CoreGraphics.framework in Frameworks */,
				9A235A6919B4484600B5E74B /* UIKit.framework in Frameworks */,
				9A235A6519B4484600B5E74B /* Foundation.framework in Frameworks */,
			);
			runOnlyForDeploymentPostprocessing = 0;
		};
		9A235A7F19B4484600B5E74B /* Frameworks */ = {
			isa = PBXFrameworksBuildPhase;
			buildActionMask = 2147483647;
			files = (
				9A235A8419B4484600B5E74B /* XCTest.framework in Frameworks */,
				9A235A8619B4484600B5E74B /* UIKit.framework in Frameworks */,
				9A235A8519B4484600B5E74B /* Foundation.framework in Frameworks */,
			);
			runOnlyForDeploymentPostprocessing = 0;
		};
/* End PBXFrameworksBuildPhase section */

/* Begin PBXGroup section */
		9A235A5819B4484600B5E74B = {
			isa = PBXGroup;
			children = (
				9A235A6A19B4484600B5E74B /* CandySearch */,
				9A235A8919B4484600B5E74B /* CandySearchTests */,
				9A235A6319B4484600B5E74B /* Frameworks */,
				9A235A6219B4484600B5E74B /* Products */,
			);
			sourceTree = "<group>";
		};
		9A235A6219B4484600B5E74B /* Products */ = {
			isa = PBXGroup;
			children = (
				9A235A6119B4484600B5E74B /* CandySearch.app */,
				9A235A8219B4484600B5E74B /* CandySearchTests.xctest */,
			);
			name = Products;
			sourceTree = "<group>";
		};
		9A235A6319B4484600B5E74B /* Frameworks */ = {
			isa = PBXGroup;
			children = (
				9A235A6419B4484600B5E74B /* Foundation.framework */,
				9A235A6619B4484600B5E74B /* CoreGraphics.framework */,
				9A235A6819B4484600B5E74B /* UIKit.framework */,
				9A235A8319B4484600B5E74B /* XCTest.framework */,
			);
			name = Frameworks;
			sourceTree = "<group>";
		};
		9A235A6A19B4484600B5E74B /* CandySearch */ = {
			isa = PBXGroup;
			children = (
				9A235A7319B4484600B5E74B /* CSAppDelegate.h */,
				9A235A7419B4484600B5E74B /* CSAppDelegate.m */,
				9AF9F99319B44F8300C2EA43 /* CSCandy.h */,
				9AF9F99419B44F8300C2EA43 /* CSCandy.m */,
				9AF9F99619B4512600C2EA43 /* CandyTableViewController.h */,
				9AF9F99719B4512600C2EA43 /* CandyTableViewController.m */,
				9AF9F99919B4672400C2EA43 /* CSSearchBarTableViewController.h */,
				9AF9F99A19B4672400C2EA43 /* CSSearchBarTableViewController.m */,
				9AF9F99119B44CDE00C2EA43 /* Main.storyboard */,
				9A235A7C19B4484600B5E74B /* Images.xcassets */,
				9A235A6B19B4484600B5E74B /* Supporting Files */,
			);
			path = CandySearch;
			sourceTree = "<group>";
		};
		9A235A6B19B4484600B5E74B /* Supporting Files */ = {
			isa = PBXGroup;
			children = (
				9A235A6C19B4484600B5E74B /* CandySearch-Info.plist */,
				9A235A6D19B4484600B5E74B /* InfoPlist.strings */,
				9A235A7019B4484600B5E74B /* main.m */,
				9A235A7219B4484600B5E74B /* CandySearch-Prefix.pch */,
			);
			name = "Supporting Files";
			sourceTree = "<group>";
		};
		9A235A8919B4484600B5E74B /* CandySearchTests */ = {
			isa = PBXGroup;
			children = (
				9A235A8F19B4484600B5E74B /* CandySearchTests.m */,
				9A235A8A19B4484600B5E74B /* Supporting Files */,
			);
			path = CandySearchTests;
			sourceTree = "<group>";
		};
		9A235A8A19B4484600B5E74B /* Supporting Files */ = {
			isa = PBXGroup;
			children = (
				9A235A8B19B4484600B5E74B /* CandySearchTests-Info.plist */,
				9A235A8C19B4484600B5E74B /* InfoPlist.strings */,
			);
			name = "Supporting Files";
			sourceTree = "<group>";
		};
/* End PBXGroup section */

/* Begin PBXNativeTarget section */
		9A235A6019B4484600B5E74B /* CandySearch */ = {
			isa = PBXNativeTarget;
			buildConfigurationList = 9A235A9319B4484600B5E74B /* Build configuration list for PBXNativeTarget "CandySearch" */;
			buildPhases = (
				9A235A5D19B4484600B5E74B /* Sources */,
				9A235A5E19B4484600B5E74B /* Frameworks */,
				9A235A5F19B4484600B5E74B /* Resources */,
			);
			buildRules = (
			);
			dependencies = (
			);
			name = CandySearch;
			productName = CandySearch;
			productReference = 9A235A6119B4484600B5E74B /* CandySearch.app */;
			productType = "com.apple.product-type.application";
		};
		9A235A8119B4484600B5E74B /* CandySearchTests */ = {
			isa = PBXNativeTarget;
			buildConfigurationList = 9A235A9619B4484600B5E74B /* Build configuration list for PBXNativeTarget "CandySearchTests" */;
			buildPhases = (
				9A235A7E19B4484600B5E74B /* Sources */,
				9A235A7F19B4484600B5E74B /* Frameworks */,
				9A235A8019B4484600B5E74B /* Resources */,
			);
			buildRules = (
			);
			dependencies = (
				9A235A8819B4484600B5E74B /* PBXTargetDependency */,
			);
			name = CandySearchTests;
			productName = CandySearchTests;
			productReference = 9A235A8219B4484600B5E74B /* CandySearchTests.xctest */;
			productType = "com.apple.product-type.bundle.unit-test";
		};
/* End PBXNativeTarget section */

/* Begin PBXProject section */
		9A235A5919B4484600B5E74B /* Project object */ = {
			isa = PBXProject;
			attributes = {
				CLASSPREFIX = CS;
				LastUpgradeCheck = 0510;
				ORGANIZATIONNAME = wind;
				TargetAttributes = {
					9A235A8119B4484600B5E74B = {
						TestTargetID = 9A235A6019B4484600B5E74B;
					};
				};
			};
			buildConfigurationList = 9A235A5C19B4484600B5E74B /* Build configuration list for PBXProject "CandySearch" */;
			compatibilityVersion = "Xcode 3.2";
			developmentRegion = English;
			hasScannedForEncodings = 0;
			knownRegions = (
				en,
				Base,
			);
			mainGroup = 9A235A5819B4484600B5E74B;
			productRefGroup = 9A235A6219B4484600B5E74B /* Products */;
			projectDirPath = "";
			projectRoot = "";
			targets = (
				9A235A6019B4484600B5E74B /* CandySearch */,
				9A235A8119B4484600B5E74B /* CandySearchTests */,
			);
		};
/* End PBXProject section */

/* Begin PBXResourcesBuildPhase section */
		9A235A5F19B4484600B5E74B /* Resources */ = {
			isa = PBXResourcesBuildPhase;
			buildActionMask = 2147483647;
			files = (
				9AF9F99219B44CDE00C2EA43 /* Main.storyboard in Resources */,
				9A235A7D19B4484600B5E74B /* Images.xcassets in Resources */,
				9A235A6F19B4484600B5E74B /* InfoPlist.strings in Resources */,
			);
			runOnlyForDeploymentPostprocessing = 0;
		};
		9A235A8019B4484600B5E74B /* Resources */ = {
			isa = PBXResourcesBuildPhase;
			buildActionMask = 2147483647;
			files = (
				9A235A8E19B4484600B5E74B /* InfoPlist.strings in Resources */,
			);
			runOnlyForDeploymentPostprocessing = 0;
		};
/* End PBXResourcesBuildPhase section */

/* Begin PBXSourcesBuildPhase section */
		9A235A5D19B4484600B5E74B /* Sources */ = {
			isa = PBXSourcesBuildPhase;
			buildActionMask = 2147483647;
			files = (
				9A235A7519B4484600B5E74B /* CSAppDelegate.m in Sources */,
				9A235A7119B4484600B5E74B /* main.m in Sources */,
				9AF9F99519B44F8300C2EA43 /* CSCandy.m in Sources */,
				9AF9F99819B4512600C2EA43 /* CandyTableViewController.m in Sources */,
				9AF9F99B19B4672400C2EA43 /* CSSearchBarTableViewController.m in Sources */,
			);
			runOnlyForDeploymentPostprocessing = 0;
		};
		9A235A7E19B4484600B5E74B /* Sources */ = {
			isa = PBXSourcesBuildPhase;
			buildActionMask = 2147483647;
			files = (
				9A235A9019B4484600B5E74B /* CandySearchTests.m in Sources */,
			);
			runOnlyForDeploymentPostprocessing = 0;
		};
/* End PBXSourcesBuildPhase section */

/* Begin PBXTargetDependency section */
		9A235A8819B4484600B5E74B /* PBXTargetDependency */ = {
			isa = PBXTargetDependency;
			target = 9A235A6019B4484600B5E74B /* CandySearch */;
			targetProxy = 9A235A8719B4484600B5E74B /* PBXContainerItemProxy */;
		};
/* End PBXTargetDependency section */

/* Begin PBXVariantGroup section */
		9A235A6D19B4484600B5E74B /* InfoPlist.strings */ = {
			isa = PBXVariantGroup;
			children = (
				9A235A6E19B4484600B5E74B /* en */,
			);
			name = InfoPlist.strings;
			sourceTree = "<group>";
		};
		9A235A8C19B4484600B5E74B /* InfoPlist.strings */ = {
			isa = PBXVariantGroup;
			children = (
				9A235A8D19B4484600B5E74B /* en */,
			);
			name = InfoPlist.strings;
			sourceTree = "<group>";
		};
/* End PBXVariantGroup section */

/* Begin XCBuildConfiguration section */
		9A235A9119B4484600B5E74B /* Debug */ = {
			isa = XCBuildConfiguration;
			buildSettings = {
				ALWAYS_SEARCH_USER_PATHS = NO;
				CLANG_CXX_LANGUAGE_STANDARD = "gnu++0x";
				CLANG_CXX_LIBRARY = "libc++";
				CLANG_ENABLE_MODULES = YES;
				CLANG_ENABLE_OBJC_ARC = YES;
				CLANG_WARN_BOOL_CONVERSION = YES;
				CLANG_WARN_CONSTANT_CONVERSION = YES;
				CLANG_WARN_DIRECT_OBJC_ISA_USAGE = YES_ERROR;
				CLANG_WARN_EMPTY_BODY = YES;
				CLANG_WARN_ENUM_CONVERSION = YES;
				CLANG_WARN_INT_CONVERSION = YES;
				CLANG_WARN_OBJC_ROOT_CLASS = YES_ERROR;
				CLANG_WARN__DUPLICATE_METHOD_MATCH = YES;
				"CODE_SIGN_IDENTITY[sdk=iphoneos*]" = "iPhone Developer";
				COPY_PHASE_STRIP = NO;
				GCC_C_LANGUAGE_STANDARD = gnu99;
				GCC_DYNAMIC_NO_PIC = NO;
				GCC_OPTIMIZATION_LEVEL = 0;
				GCC_PREPROCESSOR_DEFINITIONS = (
					"DEBUG=1",
					"$(inherited)",
				);
				GCC_SYMBOLS_PRIVATE_EXTERN = NO;
				GCC_WARN_64_TO_32_BIT_CONVERSION = YES;
				GCC_WARN_ABOUT_RETURN_TYPE = YES_ERROR;
				GCC_WARN_UNDECLARED_SELECTOR = YES;
				GCC_WARN_UNINITIALIZED_AUTOS = YES_AGGRESSIVE;
				GCC_WARN_UNUSED_FUNCTION = YES;
				GCC_WARN_UNUSED_VARIABLE = YES;
				IPHONEOS_DEPLOYMENT_TARGET = 7.1;
				ONLY_ACTIVE_ARCH = YES;
				SDKROOT = iphoneos;
			};
			name = Debug;
		};
		9A235A9219B4484600B5E74B /* Release */ = {
			isa = XCBuildConfiguration;
			buildSettings = {
				ALWAYS_SEARCH_USER_PATHS = NO;
				CLANG_CXX_LANGUAGE_STANDARD = "gnu++0x";
				CLANG_CXX_LIBRARY = "libc++";
				CLANG_ENABLE_MODULES = YES;
				CLANG_ENABLE_OBJC_ARC = YES;
				CLANG_WARN_BOOL_CONVERSION = YES;
				CLANG_WARN_CONSTANT_CONVERSION = YES;
				CLANG_WARN_DIRECT_OBJC_ISA_USAGE = YES_ERROR;
				CLANG_WARN_EMPTY_BODY = YES;
				CLANG_WARN_ENUM_CONVERSION = YES;
				CLANG_WARN_INT_CONVERSION = YES;
				CLANG_WARN_OBJC_ROOT_CLASS = YES_ERROR;
				CLANG_WARN__DUPLICATE_METHOD_MATCH = YES;
				"CODE_SIGN_IDENTITY[sdk=iphoneos*]" = "iPhone Developer";
				COPY_PHASE_STRIP = YES;
				ENABLE_NS_ASSERTIONS = NO;
				GCC_C_LANGUAGE_STANDARD = gnu99;
				GCC_WARN_64_TO_32_BIT_CONVERSION = YES;
				GCC_WARN_ABOUT_RETURN_TYPE = YES_ERROR;
				GCC_WARN_UNDECLARED_SELECTOR = YES;
				GCC_WARN_UNINITIALIZED_AUTOS = YES_AGGRESSIVE;
				GCC_WARN_UNUSED_FUNCTION = YES;
				GCC_WARN_UNUSED_VARIABLE = YES;
				IPHONEOS_DEPLOYMENT_TARGET = 7.1;
				SDKROOT = iphoneos;
				VALIDATE_PRODUCT = YES;
			};
			name = Release;
		};
		9A235A9419B4484600B5E74B /* Debug */ = {
			isa = XCBuildConfiguration;
			buildSettings = {
				ASSETCATALOG_COMPILER_APPICON_NAME = AppIcon;
				ASSETCATALOG_COMPILER_LAUNCHIMAGE_NAME = LaunchImage;
				GCC_PRECOMPILE_PREFIX_HEADER = YES;
				GCC_PREFIX_HEADER = "CandySearch/CandySearch-Prefix.pch";
				INFOPLIST_FILE = "CandySearch/CandySearch-Info.plist";
				IPHONEOS_DEPLOYMENT_TARGET = 6.0;
				PRODUCT_NAME = "$(TARGET_NAME)";
				TARGETED_DEVICE_FAMILY = 1;
				WRAPPER_EXTENSION = app;
			};
			name = Debug;
		};
		9A235A9519B4484600B5E74B /* Release */ = {
			isa = XCBuildConfiguration;
			buildSettings = {
				ASSETCATALOG_COMPILER_APPICON_NAME = AppIcon;
				ASSETCATALOG_COMPILER_LAUNCHIMAGE_NAME = LaunchImage;
				GCC_PRECOMPILE_PREFIX_HEADER = YES;
				GCC_PREFIX_HEADER = "CandySearch/CandySearch-Prefix.pch";
				INFOPLIST_FILE = "CandySearch/CandySearch-Info.plist";
				IPHONEOS_DEPLOYMENT_TARGET = 6.0;
				PRODUCT_NAME = "$(TARGET_NAME)";
				TARGETED_DEVICE_FAMILY = 1;
				WRAPPER_EXTENSION = app;
			};
			name = Release;
		};
		9A235A9719B4484600B5E74B /* Debug */ = {
			isa = XCBuildConfiguration;
			buildSettings = {
				BUNDLE_LOADER = "$(BUILT_PRODUCTS_DIR)/CandySearch.app/CandySearch";
				FRAMEWORK_SEARCH_PATHS = (
					"$(SDKROOT)/Developer/Library/Frameworks",
					"$(inherited)",
					"$(DEVELOPER_FRAMEWORKS_DIR)",
				);
				GCC_PRECOMPILE_PREFIX_HEADER = YES;
				GCC_PREFIX_HEADER = "CandySearch/CandySearch-Prefix.pch";
				GCC_PREPROCESSOR_DEFINITIONS = (
					"DEBUG=1",
					"$(inherited)",
				);
				INFOPLIST_FILE = "CandySearchTests/CandySearchTests-Info.plist";
				PRODUCT_NAME = "$(TARGET_NAME)";
				TEST_HOST = "$(BUNDLE_LOADER)";
				WRAPPER_EXTENSION = xctest;
			};
			name = Debug;
		};
		9A235A9819B4484600B5E74B /* Release */ = {
			isa = XCBuildConfiguration;
			buildSettings = {
				BUNDLE_LOADER = "$(BUILT_PRODUCTS_DIR)/CandySearch.app/CandySearch";
				FRAMEWORK_SEARCH_PATHS = (
					"$(SDKROOT)/Developer/Library/Frameworks",
					"$(inherited)",
					"$(DEVELOPER_FRAMEWORKS_DIR)",
				);
				GCC_PRECOMPILE_PREFIX_HEADER = YES;
				GCC_PREFIX_HEADER = "CandySearch/CandySearch-Prefix.pch";
				INFOPLIST_FILE = "CandySearchTests/CandySearchTests-Info.plist";
				PRODUCT_NAME = "$(TARGET_NAME)";
				TEST_HOST = "$(BUNDLE_LOADER)";
				WRAPPER_EXTENSION = xctest;
			};
			name = Release;
		};
/* End XCBuildConfiguration section */

/* Begin XCConfigurationList section */
		9A235A5C19B4484600B5E74B /* Build configuration list for PBXProject "CandySearch" */ = {
			isa = XCConfigurationList;
			buildConfigurations = (
				9A235A9119B4484600B5E74B /* Debug */,
				9A235A9219B4484600B5E74B /* Release */,
			);
			defaultConfigurationIsVisible = 0;
			defaultConfigurationName = Release;
		};
		9A235A9319B4484600B5E74B /* Build configuration list for PBXNativeTarget "CandySearch" */ = {
			isa = XCConfigurationList;
			buildConfigurations = (
				9A235A9419B4484600B5E74B /* Debug */,
				9A235A9519B4484600B5E74B /* Release */,
			);
			defaultConfigurationIsVisible = 0;
			defaultConfigurationName = Release;
		};
		9A235A9619B4484600B5E74B /* Build configuration list for PBXNativeTarget "CandySearchTests" */ = {
			isa = XCConfigurationList;
			buildConfigurations = (
				9A235A9719B4484600B5E74B /* Debug */,
				9A235A9819B4484600B5E74B /* Release */,
			);
			defaultConfigurationIsVisible = 0;
			defaultConfigurationName = Release;
		};
/* End XCConfigurationList section */
	};
	rootObject = 9A235A5919B4484600B5E74B /* Project object */;
}
